// !$*UTF8*$!
{
	archiveVersion = 1;
	classes = {
	};
	objectVersion = 56;
	objects = {

/* Begin PBXBuildFile section */
		DAACE19829659D5700E63FE5 /* DemoCoreUIApp.swift in Sources */ = {isa = PBXBuildFile; fileRef = DAACE19729659D5700E63FE5 /* DemoCoreUIApp.swift */; };
		DAACE19A29659D5700E63FE5 /* ContentView.swift in Sources */ = {isa = PBXBuildFile; fileRef = DAACE19929659D5700E63FE5 /* ContentView.swift */; };
		DAACE19C29659D5E00E63FE5 /* Assets.xcassets in Resources */ = {isa = PBXBuildFile; fileRef = DAACE19B29659D5E00E63FE5 /* Assets.xcassets */; };
		DAACE19F29659D5E00E63FE5 /* Preview Assets.xcassets in Resources */ = {isa = PBXBuildFile; fileRef = DAACE19E29659D5E00E63FE5 /* Preview Assets.xcassets */; };
		DAACE1A929659D5F00E63FE5 /* DemoCoreUITests.swift in Sources */ = {isa = PBXBuildFile; fileRef = DAACE1A829659D5F00E63FE5 /* DemoCoreUITests.swift */; };
		DAACE1B329659D5F00E63FE5 /* DemoCoreUIUITests.swift in Sources */ = {isa = PBXBuildFile; fileRef = DAACE1B229659D5F00E63FE5 /* DemoCoreUIUITests.swift */; };
		DAACE1B529659D5F00E63FE5 /* DemoCoreUIUITestsLaunchTests.swift in Sources */ = {isa = PBXBuildFile; fileRef = DAACE1B429659D5F00E63FE5 /* DemoCoreUIUITestsLaunchTests.swift */; };
/* End PBXBuildFile section */

/* Begin PBXContainerItemProxy section */
		DAACE1A529659D5F00E63FE5 /* PBXContainerItemProxy */ = {
			isa = PBXContainerItemProxy;
			containerPortal = DAACE18C29659D5700E63FE5 /* Project object */;
			proxyType = 1;
			remoteGlobalIDString = DAACE19329659D5700E63FE5;
			remoteInfo = DemoCoreUI;
		};
		DAACE1AF29659D5F00E63FE5 /* PBXContainerItemProxy */ = {
			isa = PBXContainerItemProxy;
			containerPortal = DAACE18C29659D5700E63FE5 /* Project object */;
			proxyType = 1;
			remoteGlobalIDString = DAACE19329659D5700E63FE5;
			remoteInfo = DemoCoreUI;
		};
/* End PBXContainerItemProxy section */

/* Begin PBXFileReference section */
		DAACE19429659D5700E63FE5 /* DemoCoreUI.app */ = {isa = PBXFileReference; explicitFileType = wrapper.application; includeInIndex = 0; path = DemoCoreUI.app; sourceTree = BUILT_PRODUCTS_DIR; };
		DAACE19729659D5700E63FE5 /* DemoCoreUIApp.swift */ = {isa = PBXFileReference; lastKnownFileType = sourcecode.swift; path = DemoCoreUIApp.swift; sourceTree = "<group>"; };
		DAACE19929659D5700E63FE5 /* ContentView.swift */ = {isa = PBXFileReference; lastKnownFileType = sourcecode.swift; path = ContentView.swift; sourceTree = "<group>"; };
		DAACE19B29659D5E00E63FE5 /* Assets.xcassets */ = {isa = PBXFileReference; lastKnownFileType = folder.assetcatalog; path = Assets.xcassets; sourceTree = "<group>"; };
		DAACE19E29659D5E00E63FE5 /* Preview Assets.xcassets */ = {isa = PBXFileReference; lastKnownFileType = folder.assetcatalog; path = "Preview Assets.xcassets"; sourceTree = "<group>"; };
		DAACE1A429659D5F00E63FE5 /* DemoCoreUITests.xctest */ = {isa = PBXFileReference; explicitFileType = wrapper.cfbundle; includeInIndex = 0; path = DemoCoreUITests.xctest; sourceTree = BUILT_PRODUCTS_DIR; };
		DAACE1A829659D5F00E63FE5 /* DemoCoreUITests.swift */ = {isa = PBXFileReference; lastKnownFileType = sourcecode.swift; path = DemoCoreUITests.swift; sourceTree = "<group>"; };
		DAACE1AE29659D5F00E63FE5 /* DemoCoreUIUITests.xctest */ = {isa = PBXFileReference; explicitFileType = wrapper.cfbundle; includeInIndex = 0; path = DemoCoreUIUITests.xctest; sourceTree = BUILT_PRODUCTS_DIR; };
		DAACE1B229659D5F00E63FE5 /* DemoCoreUIUITests.swift */ = {isa = PBXFileReference; lastKnownFileType = sourcecode.swift; path = DemoCoreUIUITests.swift; sourceTree = "<group>"; };
		DAACE1B429659D5F00E63FE5 /* DemoCoreUIUITestsLaunchTests.swift */ = {isa = PBXFileReference; lastKnownFileType = sourcecode.swift; path = DemoCoreUIUITestsLaunchTests.swift; sourceTree = "<group>"; };
/* End PBXFileReference section */

/* Begin PBXFrameworksBuildPhase section */
		DAACE19129659D5700E63FE5 /* Frameworks */ = {
			isa = PBXFrameworksBuildPhase;
			buildActionMask = 2147483647;
			files = (
			);
			runOnlyForDeploymentPostprocessing = 0;
		};
		DAACE1A129659D5F00E63FE5 /* Frameworks */ = {
			isa = PBXFrameworksBuildPhase;
			buildActionMask = 2147483647;
			files = (
			);
			runOnlyForDeploymentPostprocessing = 0;
		};
		DAACE1AB29659D5F00E63FE5 /* Frameworks */ = {
			isa = PBXFrameworksBuildPhase;
			buildActionMask = 2147483647;
			files = (
			);
			runOnlyForDeploymentPostprocessing = 0;
		};
/* End PBXFrameworksBuildPhase section */

/* Begin PBXGroup section */
		DAACE18B29659D5700E63FE5 = {
			isa = PBXGroup;
			children = (
				DAACE19629659D5700E63FE5 /* DemoCoreUI */,
				DAACE1A729659D5F00E63FE5 /* DemoCoreUITests */,
				DAACE1B129659D5F00E63FE5 /* DemoCoreUIUITests */,
				DAACE19529659D5700E63FE5 /* Products */,
			);
			sourceTree = "<group>";
		};
		DAACE19529659D5700E63FE5 /* Products */ = {
			isa = PBXGroup;
			children = (
				DAACE19429659D5700E63FE5 /* DemoCoreUI.app */,
				DAACE1A429659D5F00E63FE5 /* DemoCoreUITests.xctest */,
				DAACE1AE29659D5F00E63FE5 /* DemoCoreUIUITests.xctest */,
			);
			name = Products;
			sourceTree = "<group>";
		};
		DAACE19629659D5700E63FE5 /* DemoCoreUI */ = {
			isa = PBXGroup;
			children = (
				DAACE19729659D5700E63FE5 /* DemoCoreUIApp.swift */,
				DAACE19929659D5700E63FE5 /* ContentView.swift */,
				DAACE19B29659D5E00E63FE5 /* Assets.xcassets */,
				DAACE19D29659D5E00E63FE5 /* Preview Content */,
			);
			path = DemoCoreUI;
			sourceTree = "<group>";
		};
		DAACE19D29659D5E00E63FE5 /* Preview Content */ = {
			isa = PBXGroup;
			children = (
				DAACE19E29659D5E00E63FE5 /* Preview Assets.xcassets */,
			);
			path = "Preview Content";
			sourceTree = "<group>";
		};
		DAACE1A729659D5F00E63FE5 /* DemoCoreUITests */ = {
			isa = PBXGroup;
			children = (
				DAACE1A829659D5F00E63FE5 /* DemoCoreUITests.swift */,
			);
			path = DemoCoreUITests;
			sourceTree = "<group>";
		};
		DAACE1B129659D5F00E63FE5 /* DemoCoreUIUITests */ = {
			isa = PBXGroup;
			children = (
				DAACE1B229659D5F00E63FE5 /* DemoCoreUIUITests.swift */,
				DAACE1B429659D5F00E63FE5 /* DemoCoreUIUITestsLaunchTests.swift */,
			);
			path = DemoCoreUIUITests;
			sourceTree = "<group>";
		};
/* End PBXGroup section */

/* Begin PBXNativeTarget section */
		DAACE19329659D5700E63FE5 /* DemoCoreUI */ = {
			isa = PBXNativeTarget;
			buildConfigurationList = DAACE1B829659D5F00E63FE5 /* Build configuration list for PBXNativeTarget "DemoCoreUI" */;
			buildPhases = (
				DAACE19029659D5700E63FE5 /* Sources */,
				DAACE19129659D5700E63FE5 /* Frameworks */,
				DAACE19229659D5700E63FE5 /* Resources */,
			);
			buildRules = (
			);
			dependencies = (
			);
			name = DemoCoreUI;
			productName = DemoCoreUI;
			productReference = DAACE19429659D5700E63FE5 /* DemoCoreUI.app */;
			productType = "com.apple.product-type.application";
		};
		DAACE1A329659D5F00E63FE5 /* DemoCoreUITests */ = {
			isa = PBXNativeTarget;
			buildConfigurationList = DAACE1BB29659D5F00E63FE5 /* Build configuration list for PBXNativeTarget "DemoCoreUITests" */;
			buildPhases = (
				DAACE1A029659D5F00E63FE5 /* Sources */,
				DAACE1A129659D5F00E63FE5 /* Frameworks */,
				DAACE1A229659D5F00E63FE5 /* Resources */,
			);
			buildRules = (
			);
			dependencies = (
				DAACE1A629659D5F00E63FE5 /* PBXTargetDependency */,
			);
			name = DemoCoreUITests;
			productName = DemoCoreUITests;
			productReference = DAACE1A429659D5F00E63FE5 /* DemoCoreUITests.xctest */;
			productType = "com.apple.product-type.bundle.unit-test";
		};
		DAACE1AD29659D5F00E63FE5 /* DemoCoreUIUITests */ = {
			isa = PBXNativeTarget;
			buildConfigurationList = DAACE1BE29659D5F00E63FE5 /* Build configuration list for PBXNativeTarget "DemoCoreUIUITests" */;
			buildPhases = (
				DAACE1AA29659D5F00E63FE5 /* Sources */,
				DAACE1AB29659D5F00E63FE5 /* Frameworks */,
				DAACE1AC29659D5F00E63FE5 /* Resources */,
			);
			buildRules = (
			);
			dependencies = (
				DAACE1B029659D5F00E63FE5 /* PBXTargetDependency */,
			);
			name = DemoCoreUIUITests;
			productName = DemoCoreUIUITests;
			productReference = DAACE1AE29659D5F00E63FE5 /* DemoCoreUIUITests.xctest */;
			productType = "com.apple.product-type.bundle.ui-testing";
		};
/* End PBXNativeTarget section */

/* Begin PBXProject section */
		DAACE18C29659D5700E63FE5 /* Project object */ = {
			isa = PBXProject;
			attributes = {
				BuildIndependentTargetsInParallel = 1;
				LastSwiftUpdateCheck = 1410;
				LastUpgradeCheck = 1410;
				TargetAttributes = {
					DAACE19329659D5700E63FE5 = {
						CreatedOnToolsVersion = 14.1;
					};
					DAACE1A329659D5F00E63FE5 = {
						CreatedOnToolsVersion = 14.1;
						TestTargetID = DAACE19329659D5700E63FE5;
					};
					DAACE1AD29659D5F00E63FE5 = {
						CreatedOnToolsVersion = 14.1;
						TestTargetID = DAACE19329659D5700E63FE5;
					};
				};
			};
			buildConfigurationList = DAACE18F29659D5700E63FE5 /* Build configuration list for PBXProject "DemoCoreUI" */;
			compatibilityVersion = "Xcode 14.0";
			developmentRegion = en;
			hasScannedForEncodings = 0;
			knownRegions = (
				en,
				Base,
			);
			mainGroup = DAACE18B29659D5700E63FE5;
			productRefGroup = DAACE19529659D5700E63FE5 /* Products */;
			projectDirPath = "";
			projectRoot = "";
			targets = (
				DAACE19329659D5700E63FE5 /* DemoCoreUI */,
				DAACE1A329659D5F00E63FE5 /* DemoCoreUITests */,
				DAACE1AD29659D5F00E63FE5 /* DemoCoreUIUITests */,
			);
		};
/* End PBXProject section */

/* Begin PBXResourcesBuildPhase section */
		DAACE19229659D5700E63FE5 /* Resources */ = {
			isa = PBXResourcesBuildPhase;
			buildActionMask = 2147483647;
			files = (
				DAACE19F29659D5E00E63FE5 /* Preview Assets.xcassets in Resources */,
				DAACE19C29659D5E00E63FE5 /* Assets.xcassets in Resources */,
			);
			runOnlyForDeploymentPostprocessing = 0;
		};
		DAACE1A229659D5F00E63FE5 /* Resources */ = {
			isa = PBXResourcesBuildPhase;
			buildActionMask = 2147483647;
			files = (
			);
			runOnlyForDeploymentPostprocessing = 0;
		};
		DAACE1AC29659D5F00E63FE5 /* Resources */ = {
			isa = PBXResourcesBuildPhase;
			buildActionMask = 2147483647;
			files = (
			);
			runOnlyForDeploymentPostprocessing = 0;
		};
/* End PBXResourcesBuildPhase section */

/* Begin PBXSourcesBuildPhase section */
		DAACE19029659D5700E63FE5 /* Sources */ = {
			isa = PBXSourcesBuildPhase;
			buildActionMask = 2147483647;
			files = (
				DAACE19A29659D5700E63FE5 /* ContentView.swift in Sources */,
				DAACE19829659D5700E63FE5 /* DemoCoreUIApp.swift in Sources */,
			);
			runOnlyForDeploymentPostprocessing = 0;
		};
		DAACE1A029659D5F00E63FE5 /* Sources */ = {
			isa = PBXSourcesBuildPhase;
			buildActionMask = 2147483647;
			files = (
				DAACE1A929659D5F00E63FE5 /* DemoCoreUITests.swift in Sources */,
			);
			runOnlyForDeploymentPostprocessing = 0;
		};
		DAACE1AA29659D5F00E63FE5 /* Sources */ = {
			isa = PBXSourcesBuildPhase;
			buildActionMask = 2147483647;
			files = (
				DAACE1B529659D5F00E63FE5 /* DemoCoreUIUITestsLaunchTests.swift in Sources */,
				DAACE1B329659D5F00E63FE5 /* DemoCoreUIUITests.swift in Sources */,
			);
			runOnlyForDeploymentPostprocessing = 0;
		};
/* End PBXSourcesBuildPhase section */

/* Begin PBXTargetDependency section */
		DAACE1A629659D5F00E63FE5 /* PBXTargetDependency */ = {
			isa = PBXTargetDependency;
			target = DAACE19329659D5700E63FE5 /* DemoCoreUI */;
			targetProxy = DAACE1A529659D5F00E63FE5 /* PBXContainerItemProxy */;
		};
		DAACE1B029659D5F00E63FE5 /* PBXTargetDependency */ = {
			isa = PBXTargetDependency;
			target = DAACE19329659D5700E63FE5 /* DemoCoreUI */;
			targetProxy = DAACE1AF29659D5F00E63FE5 /* PBXContainerItemProxy */;
		};
/* End PBXTargetDependency section */

/* Begin XCBuildConfiguration section */
		DAACE1B629659D5F00E63FE5 /* Debug */ = {
			isa = XCBuildConfiguration;
			buildSettings = {
				ALWAYS_SEARCH_USER_PATHS = NO;
				CLANG_ANALYZER_NONNULL = YES;
				CLANG_ANALYZER_NUMBER_OBJECT_CONVERSION = YES_AGGRESSIVE;
				CLANG_CXX_LANGUAGE_STANDARD = "gnu++20";
				CLANG_ENABLE_MODULES = YES;
				CLANG_ENABLE_OBJC_ARC = YES;
				CLANG_ENABLE_OBJC_WEAK = YES;
				CLANG_WARN_BLOCK_CAPTURE_AUTORELEASING = YES;
				CLANG_WARN_BOOL_CONVERSION = YES;
				CLANG_WARN_COMMA = YES;
				CLANG_WARN_CONSTANT_CONVERSION = YES;
				CLANG_WARN_DEPRECATED_OBJC_IMPLEMENTATIONS = YES;
				CLANG_WARN_DIRECT_OBJC_ISA_USAGE = YES_ERROR;
				CLANG_WARN_DOCUMENTATION_COMMENTS = YES;
				CLANG_WARN_EMPTY_BODY = YES;
				CLANG_WARN_ENUM_CONVERSION = YES;
				CLANG_WARN_INFINITE_RECURSION = YES;
				CLANG_WARN_INT_CONVERSION = YES;
				CLANG_WARN_NON_LITERAL_NULL_CONVERSION = YES;
				CLANG_WARN_OBJC_IMPLICIT_RETAIN_SELF = YES;
				CLANG_WARN_OBJC_LITERAL_CONVERSION = YES;
				CLANG_WARN_OBJC_ROOT_CLASS = YES_ERROR;
				CLANG_WARN_QUOTED_INCLUDE_IN_FRAMEWORK_HEADER = YES;
				CLANG_WARN_RANGE_LOOP_ANALYSIS = YES;
				CLANG_WARN_STRICT_PROTOTYPES = YES;
				CLANG_WARN_SUSPICIOUS_MOVE = YES;
				CLANG_WARN_UNGUARDED_AVAILABILITY = YES_AGGRESSIVE;
				CLANG_WARN_UNREACHABLE_CODE = YES;
				CLANG_WARN__DUPLICATE_METHOD_MATCH = YES;
				COPY_PHASE_STRIP = NO;
				DEBUG_INFORMATION_FORMAT = dwarf;
				ENABLE_STRICT_OBJC_MSGSEND = YES;
				ENABLE_TESTABILITY = YES;
				GCC_C_LANGUAGE_STANDARD = gnu11;
				GCC_DYNAMIC_NO_PIC = NO;
				GCC_NO_COMMON_BLOCKS = YES;
				GCC_OPTIMIZATION_LEVEL = 0;
				GCC_PREPROCESSOR_DEFINITIONS = (
					"DEBUG=1",
					"$(inherited)",
				);
				GCC_WARN_64_TO_32_BIT_CONVERSION = YES;
				GCC_WARN_ABOUT_RETURN_TYPE = YES_ERROR;
				GCC_WARN_UNDECLARED_SELECTOR = YES;
				GCC_WARN_UNINITIALIZED_AUTOS = YES_AGGRESSIVE;
				GCC_WARN_UNUSED_FUNCTION = YES;
				GCC_WARN_UNUSED_VARIABLE = YES;
				IPHONEOS_DEPLOYMENT_TARGET = 16.1;
				MTL_ENABLE_DEBUG_INFO = INCLUDE_SOURCE;
				MTL_FAST_MATH = YES;
				ONLY_ACTIVE_ARCH = YES;
				SDKROOT = iphoneos;
				SWIFT_ACTIVE_COMPILATION_CONDITIONS = DEBUG;
				SWIFT_OPTIMIZATION_LEVEL = "-Onone";
			};
			name = Debug;
		};
		DAACE1B729659D5F00E63FE5 /* Release */ = {
			isa = XCBuildConfiguration;
			buildSettings = {
				ALWAYS_SEARCH_USER_PATHS = NO;
				CLANG_ANALYZER_NONNULL = YES;
				CLANG_ANALYZER_NUMBER_OBJECT_CONVERSION = YES_AGGRESSIVE;
				CLANG_CXX_LANGUAGE_STANDARD = "gnu++20";
				CLANG_ENABLE_MODULES = YES;
				CLANG_ENABLE_OBJC_ARC = YES;
				CLANG_ENABLE_OBJC_WEAK = YES;
				CLANG_WARN_BLOCK_CAPTURE_AUTORELEASING = YES;
				CLANG_WARN_BOOL_CONVERSION = YES;
				CLANG_WARN_COMMA = YES;
				CLANG_WARN_CONSTANT_CONVERSION = YES;
				CLANG_WARN_DEPRECATED_OBJC_IMPLEMENTATIONS = YES;
				CLANG_WARN_DIRECT_OBJC_ISA_USAGE = YES_ERROR;
				CLANG_WARN_DOCUMENTATION_COMMENTS = YES;
				CLANG_WARN_EMPTY_BODY = YES;
				CLANG_WARN_ENUM_CONVERSION = YES;
				CLANG_WARN_INFINITE_RECURSION = YES;
				CLANG_WARN_INT_CONVERSION = YES;
				CLANG_WARN_NON_LITERAL_NULL_CONVERSION = YES;
				CLANG_WARN_OBJC_IMPLICIT_RETAIN_SELF = YES;
				CLANG_WARN_OBJC_LITERAL_CONVERSION = YES;
				CLANG_WARN_OBJC_ROOT_CLASS = YES_ERROR;
				CLANG_WARN_QUOTED_INCLUDE_IN_FRAMEWORK_HEADER = YES;
				CLANG_WARN_RANGE_LOOP_ANALYSIS = YES;
				CLANG_WARN_STRICT_PROTOTYPES = YES;
				CLANG_WARN_SUSPICIOUS_MOVE = YES;
				CLANG_WARN_UNGUARDED_AVAILABILITY = YES_AGGRESSIVE;
				CLANG_WARN_UNREACHABLE_CODE = YES;
				CLANG_WARN__DUPLICATE_METHOD_MATCH = YES;
				COPY_PHASE_STRIP = NO;
				DEBUG_INFORMATION_FORMAT = "dwarf-with-dsym";
				ENABLE_NS_ASSERTIONS = NO;
				ENABLE_STRICT_OBJC_MSGSEND = YES;
				GCC_C_LANGUAGE_STANDARD = gnu11;
				GCC_NO_COMMON_BLOCKS = YES;
				GCC_WARN_64_TO_32_BIT_CONVERSION = YES;
				GCC_WARN_ABOUT_RETURN_TYPE = YES_ERROR;
				GCC_WARN_UNDECLARED_SELECTOR = YES;
				GCC_WARN_UNINITIALIZED_AUTOS = YES_AGGRESSIVE;
				GCC_WARN_UNUSED_FUNCTION = YES;
				GCC_WARN_UNUSED_VARIABLE = YES;
				IPHONEOS_DEPLOYMENT_TARGET = 16.1;
				MTL_ENABLE_DEBUG_INFO = NO;
				MTL_FAST_MATH = YES;
				SDKROOT = iphoneos;
				SWIFT_COMPILATION_MODE = wholemodule;
				SWIFT_OPTIMIZATION_LEVEL = "-O";
				VALIDATE_PRODUCT = YES;
			};
			name = Release;
		};
		DAACE1B929659D5F00E63FE5 /* Debug */ = {
			isa = XCBuildConfiguration;
			buildSettings = {
				ASSETCATALOG_COMPILER_APPICON_NAME = AppIcon;
				ASSETCATALOG_COMPILER_GLOBAL_ACCENT_COLOR_NAME = AccentColor;
				CODE_SIGN_STYLE = Automatic;
				CURRENT_PROJECT_VERSION = 1;
				DEVELOPMENT_ASSET_PATHS = "\"DemoCoreUI/Preview Content\"";
				DEVELOPMENT_TEAM = GVZVUY66BX;
				ENABLE_PREVIEWS = YES;
				GENERATE_INFOPLIST_FILE = YES;
				INFOPLIST_KEY_UIApplicationSceneManifest_Generation = YES;
				INFOPLIST_KEY_UIApplicationSupportsIndirectInputEvents = YES;
				INFOPLIST_KEY_UILaunchScreen_Generation = YES;
				INFOPLIST_KEY_UISupportedInterfaceOrientations_iPad = "UIInterfaceOrientationPortrait UIInterfaceOrientationPortraitUpsideDown UIInterfaceOrientationLandscapeLeft UIInterfaceOrientationLandscapeRight";
				INFOPLIST_KEY_UISupportedInterfaceOrientations_iPhone = "UIInterfaceOrientationPortrait UIInterfaceOrientationLandscapeLeft UIInterfaceOrientationLandscapeRight";
				LD_RUNPATH_SEARCH_PATHS = (
					"$(inherited)",
					"@executable_path/Frameworks",
				);
				MARKETING_VERSION = 1.0;
				PRODUCT_BUNDLE_IDENTIFIER = akirah.lab.DemoCoreUI;
				PRODUCT_NAME = "$(TARGET_NAME)";
				SWIFT_EMIT_LOC_STRINGS = YES;
				SWIFT_VERSION = 5.0;
				TARGETED_DEVICE_FAMILY = "1,2";
			};
			name = Debug;
		};
		DAACE1BA29659D5F00E63FE5 /* Release */ = {
			isa = XCBuildConfiguration;
			buildSettings = {
				ASSETCATALOG_COMPILER_APPICON_NAME = AppIcon;
				ASSETCATALOG_COMPILER_GLOBAL_ACCENT_COLOR_NAME = AccentColor;
				CODE_SIGN_STYLE = Automatic;
				CURRENT_PROJECT_VERSION = 1;
				DEVELOPMENT_ASSET_PATHS = "\"DemoCoreUI/Preview Content\"";
				DEVELOPMENT_TEAM = GVZVUY66BX;
				ENABLE_PREVIEWS = YES;
				GENERATE_INFOPLIST_FILE = YES;
				INFOPLIST_KEY_UIApplicationSceneManifest_Generation = YES;
				INFOPLIST_KEY_UIApplicationSupportsIndirectInputEvents = YES;
				INFOPLIST_KEY_UILaunchScreen_Generation = YES;
				INFOPLIST_KEY_UISupportedInterfaceOrientations_iPad = "UIInterfaceOrientationPortrait UIInterfaceOrientationPortraitUpsideDown UIInterfaceOrientationLandscapeLeft UIInterfaceOrientationLandscapeRight";
				INFOPLIST_KEY_UISupportedInterfaceOrientations_iPhone = "UIInterfaceOrientationPortrait UIInterfaceOrientationLandscapeLeft UIInterfaceOrientationLandscapeRight";
				LD_RUNPATH_SEARCH_PATHS = (
					"$(inherited)",
					"@executable_path/Frameworks",
				);
				MARKETING_VERSION = 1.0;
				PRODUCT_BUNDLE_IDENTIFIER = akirah.lab.DemoCoreUI;
				PRODUCT_NAME = "$(TARGET_NAME)";
				SWIFT_EMIT_LOC_STRINGS = YES;
				SWIFT_VERSION = 5.0;
				TARGETED_DEVICE_FAMILY = "1,2";
			};
			name = Release;
		};
		DAACE1BC29659D5F00E63FE5 /* Debug */ = {
			isa = XCBuildConfiguration;
			buildSettings = {
				ALWAYS_EMBED_SWIFT_STANDARD_LIBRARIES = YES;
				BUNDLE_LOADER = "$(TEST_HOST)";
				CODE_SIGN_STYLE = Automatic;
				CURRENT_PROJECT_VERSION = 1;
				DEVELOPMENT_TEAM = GVZVUY66BX;
				GENERATE_INFOPLIST_FILE = YES;
				IPHONEOS_DEPLOYMENT_TARGET = 16.1;
				MARKETING_VERSION = 1.0;
				PRODUCT_BUNDLE_IDENTIFIER = akirah.lab.DemoCoreUITests;
				PRODUCT_NAME = "$(TARGET_NAME)";
				SWIFT_EMIT_LOC_STRINGS = NO;
				SWIFT_VERSION = 5.0;
				TARGETED_DEVICE_FAMILY = "1,2";
				TEST_HOST = "$(BUILT_PRODUCTS_DIR)/DemoCoreUI.app/$(BUNDLE_EXECUTABLE_FOLDER_PATH)/DemoCoreUI";
			};
			name = Debug;
		};
		DAACE1BD29659D5F00E63FE5 /* Release */ = {
			isa = XCBuildConfiguration;
			buildSettings = {
				ALWAYS_EMBED_SWIFT_STANDARD_LIBRARIES = YES;
				BUNDLE_LOADER = "$(TEST_HOST)";
				CODE_SIGN_STYLE = Automatic;
				CURRENT_PROJECT_VERSION = 1;
				DEVELOPMENT_TEAM = GVZVUY66BX;
				GENERATE_INFOPLIST_FILE = YES;
				IPHONEOS_DEPLOYMENT_TARGET = 16.1;
				MARKETING_VERSION = 1.0;
				PRODUCT_BUNDLE_IDENTIFIER = akirah.lab.DemoCoreUITests;
				PRODUCT_NAME = "$(TARGET_NAME)";
				SWIFT_EMIT_LOC_STRINGS = NO;
				SWIFT_VERSION = 5.0;
				TARGETED_DEVICE_FAMILY = "1,2";
				TEST_HOST = "$(BUILT_PRODUCTS_DIR)/DemoCoreUI.app/$(BUNDLE_EXECUTABLE_FOLDER_PATH)/DemoCoreUI";
			};
			name = Release;
		};
		DAACE1BF29659D5F00E63FE5 /* Debug */ = {
			isa = XCBuildConfiguration;
			buildSettings = {
				ALWAYS_EMBED_SWIFT_STANDARD_LIBRARIES = YES;
				CODE_SIGN_STYLE = Automatic;
				CURRENT_PROJECT_VERSION = 1;
				DEVELOPMENT_TEAM = GVZVUY66BX;
				GENERATE_INFOPLIST_FILE = YES;
				MARKETING_VERSION = 1.0;
				PRODUCT_BUNDLE_IDENTIFIER = akirah.lab.DemoCoreUIUITests;
				PRODUCT_NAME = "$(TARGET_NAME)";
				SWIFT_EMIT_LOC_STRINGS = NO;
				SWIFT_VERSION = 5.0;
				TARGETED_DEVICE_FAMILY = "1,2";
				TEST_TARGET_NAME = DemoCoreUI;
			};
			name = Debug;
		};
		DAACE1C029659D5F00E63FE5 /* Release */ = {
			isa = XCBuildConfiguration;
			buildSettings = {
				ALWAYS_EMBED_SWIFT_STANDARD_LIBRARIES = YES;
				CODE_SIGN_STYLE = Automatic;
				CURRENT_PROJECT_VERSION = 1;
				DEVELOPMENT_TEAM = GVZVUY66BX;
				GENERATE_INFOPLIST_FILE = YES;
				MARKETING_VERSION = 1.0;
				PRODUCT_BUNDLE_IDENTIFIER = akirah.lab.DemoCoreUIUITests;
				PRODUCT_NAME = "$(TARGET_NAME)";
				SWIFT_EMIT_LOC_STRINGS = NO;
				SWIFT_VERSION = 5.0;
				TARGETED_DEVICE_FAMILY = "1,2";
				TEST_TARGET_NAME = DemoCoreUI;
			};
			name = Release;
		};
/* End XCBuildConfiguration section */

/* Begin XCConfigurationList section */
		DAACE18F29659D5700E63FE5 /* Build configuration list for PBXProject "DemoCoreUI" */ = {
			isa = XCConfigurationList;
			buildConfigurations = (
				DAACE1B629659D5F00E63FE5 /* Debug */,
				DAACE1B729659D5F00E63FE5 /* Release */,
			);
			defaultConfigurationIsVisible = 0;
			defaultConfigurationName = Release;
		};
		DAACE1B829659D5F00E63FE5 /* Build configuration list for PBXNativeTarget "DemoCoreUI" */ = {
			isa = XCConfigurationList;
			buildConfigurations = (
				DAACE1B929659D5F00E63FE5 /* Debug */,
				DAACE1BA29659D5F00E63FE5 /* Release */,
			);
			defaultConfigurationIsVisible = 0;
			defaultConfigurationName = Release;
		};
		DAACE1BB29659D5F00E63FE5 /* Build configuration list for PBXNativeTarget "DemoCoreUITests" */ = {
			isa = XCConfigurationList;
			buildConfigurations = (
				DAACE1BC29659D5F00E63FE5 /* Debug */,
				DAACE1BD29659D5F00E63FE5 /* Release */,
			);
			defaultConfigurationIsVisible = 0;
			defaultConfigurationName = Release;
		};
		DAACE1BE29659D5F00E63FE5 /* Build configuration list for PBXNativeTarget "DemoCoreUIUITests" */ = {
			isa = XCConfigurationList;
			buildConfigurations = (
				DAACE1BF29659D5F00E63FE5 /* Debug */,
				DAACE1C029659D5F00E63FE5 /* Release */,
			);
			defaultConfigurationIsVisible = 0;
			defaultConfigurationName = Release;
		};
/* End XCConfigurationList section */
	};
	rootObject = DAACE18C29659D5700E63FE5 /* Project object */;
}
