// !$*UTF8*$!
{
	archiveVersion = 1;
	classes = {
	};
	objectVersion = 56;
	objects = {

/* Begin PBXBuildFile section */
		DAACE1D7296657AF00E63FE5 /* LittleLemonApp.swift in Sources */ = {isa = PBXBuildFile; fileRef = DAACE1D6296657AF00E63FE5 /* LittleLemonApp.swift */; };
		DAACE1D9296657AF00E63FE5 /* ContentView.swift in Sources */ = {isa = PBXBuildFile; fileRef = DAACE1D8296657AF00E63FE5 /* ContentView.swift */; };
		DAACE1DB296657B500E63FE5 /* Assets.xcassets in Resources */ = {isa = PBXBuildFile; fileRef = DAACE1DA296657B500E63FE5 /* Assets.xcassets */; };
		DAACE1DE296657B500E63FE5 /* Preview Assets.xcassets in Resources */ = {isa = PBXBuildFile; fileRef = DAACE1DD296657B500E63FE5 /* Preview Assets.xcassets */; };
		DAACE1E8296657B600E63FE5 /* LittleLemonTests.swift in Sources */ = {isa = PBXBuildFile; fileRef = DAACE1E7296657B600E63FE5 /* LittleLemonTests.swift */; };
		DAACE1F2296657B600E63FE5 /* LittleLemonUITests.swift in Sources */ = {isa = PBXBuildFile; fileRef = DAACE1F1296657B600E63FE5 /* LittleLemonUITests.swift */; };
		DAACE1F4296657B600E63FE5 /* LittleLemonUITestsLaunchTests.swift in Sources */ = {isa = PBXBuildFile; fileRef = DAACE1F3296657B600E63FE5 /* LittleLemonUITestsLaunchTests.swift */; };
/* End PBXBuildFile section */

/* Begin PBXContainerItemProxy section */
		DAACE1E4296657B600E63FE5 /* PBXContainerItemProxy */ = {
			isa = PBXContainerItemProxy;
			containerPortal = DAACE1CB296657AF00E63FE5 /* Project object */;
			proxyType = 1;
			remoteGlobalIDString = DAACE1D2296657AF00E63FE5;
			remoteInfo = LittleLemon;
		};
		DAACE1EE296657B600E63FE5 /* PBXContainerItemProxy */ = {
			isa = PBXContainerItemProxy;
			containerPortal = DAACE1CB296657AF00E63FE5 /* Project object */;
			proxyType = 1;
			remoteGlobalIDString = DAACE1D2296657AF00E63FE5;
			remoteInfo = LittleLemon;
		};
/* End PBXContainerItemProxy section */

/* Begin PBXFileReference section */
		DAACE1D3296657AF00E63FE5 /* LittleLemon.app */ = {isa = PBXFileReference; explicitFileType = wrapper.application; includeInIndex = 0; path = LittleLemon.app; sourceTree = BUILT_PRODUCTS_DIR; };
		DAACE1D6296657AF00E63FE5 /* LittleLemonApp.swift */ = {isa = PBXFileReference; lastKnownFileType = sourcecode.swift; path = LittleLemonApp.swift; sourceTree = "<group>"; };
		DAACE1D8296657AF00E63FE5 /* ContentView.swift */ = {isa = PBXFileReference; lastKnownFileType = sourcecode.swift; path = ContentView.swift; sourceTree = "<group>"; };
		DAACE1DA296657B500E63FE5 /* Assets.xcassets */ = {isa = PBXFileReference; lastKnownFileType = folder.assetcatalog; path = Assets.xcassets; sourceTree = "<group>"; };
		DAACE1DD296657B500E63FE5 /* Preview Assets.xcassets */ = {isa = PBXFileReference; lastKnownFileType = folder.assetcatalog; path = "Preview Assets.xcassets"; sourceTree = "<group>"; };
		DAACE1E3296657B600E63FE5 /* LittleLemonTests.xctest */ = {isa = PBXFileReference; explicitFileType = wrapper.cfbundle; includeInIndex = 0; path = LittleLemonTests.xctest; sourceTree = BUILT_PRODUCTS_DIR; };
		DAACE1E7296657B600E63FE5 /* LittleLemonTests.swift */ = {isa = PBXFileReference; lastKnownFileType = sourcecode.swift; path = LittleLemonTests.swift; sourceTree = "<group>"; };
		DAACE1ED296657B600E63FE5 /* LittleLemonUITests.xctest */ = {isa = PBXFileReference; explicitFileType = wrapper.cfbundle; includeInIndex = 0; path = LittleLemonUITests.xctest; sourceTree = BUILT_PRODUCTS_DIR; };
		DAACE1F1296657B600E63FE5 /* LittleLemonUITests.swift */ = {isa = PBXFileReference; lastKnownFileType = sourcecode.swift; path = LittleLemonUITests.swift; sourceTree = "<group>"; };
		DAACE1F3296657B600E63FE5 /* LittleLemonUITestsLaunchTests.swift */ = {isa = PBXFileReference; lastKnownFileType = sourcecode.swift; path = LittleLemonUITestsLaunchTests.swift; sourceTree = "<group>"; };
		DAACE201296659A600E63FE5 /* CoreUI */ = {isa = PBXFileReference; lastKnownFileType = wrapper; name = CoreUI; path = ../Package/Core/CoreUI; sourceTree = "<group>"; };
/* End PBXFileReference section */

/* Begin PBXFrameworksBuildPhase section */
		DAACE1D0296657AF00E63FE5 /* Frameworks */ = {
			isa = PBXFrameworksBuildPhase;
			buildActionMask = 2147483647;
			files = (
			);
			runOnlyForDeploymentPostprocessing = 0;
		};
		DAACE1E0296657B600E63FE5 /* Frameworks */ = {
			isa = PBXFrameworksBuildPhase;
			buildActionMask = 2147483647;
			files = (
			);
			runOnlyForDeploymentPostprocessing = 0;
		};
		DAACE1EA296657B600E63FE5 /* Frameworks */ = {
			isa = PBXFrameworksBuildPhase;
			buildActionMask = 2147483647;
			files = (
			);
			runOnlyForDeploymentPostprocessing = 0;
		};
/* End PBXFrameworksBuildPhase section */

/* Begin PBXGroup section */
		DAACE1CA296657AF00E63FE5 = {
			isa = PBXGroup;
			children = (
				DAACE200296659A600E63FE5 /* Packages */,
				DAACE1D5296657AF00E63FE5 /* LittleLemon */,
				DAACE1E6296657B600E63FE5 /* LittleLemonTests */,
				DAACE1F0296657B600E63FE5 /* LittleLemonUITests */,
				DAACE1D4296657AF00E63FE5 /* Products */,
				DAACE202296659BA00E63FE5 /* Frameworks */,
			);
			sourceTree = "<group>";
		};
		DAACE1D4296657AF00E63FE5 /* Products */ = {
			isa = PBXGroup;
			children = (
				DAACE1D3296657AF00E63FE5 /* LittleLemon.app */,
				DAACE1E3296657B600E63FE5 /* LittleLemonTests.xctest */,
				DAACE1ED296657B600E63FE5 /* LittleLemonUITests.xctest */,
			);
			name = Products;
			sourceTree = "<group>";
		};
		DAACE1D5296657AF00E63FE5 /* LittleLemon */ = {
			isa = PBXGroup;
			children = (
				DAACE1D6296657AF00E63FE5 /* LittleLemonApp.swift */,
				DAACE1D8296657AF00E63FE5 /* ContentView.swift */,
				DAACE1DA296657B500E63FE5 /* Assets.xcassets */,
				DAACE1DC296657B500E63FE5 /* Preview Content */,
			);
			path = LittleLemon;
			sourceTree = "<group>";
		};
		DAACE1DC296657B500E63FE5 /* Preview Content */ = {
			isa = PBXGroup;
			children = (
				DAACE1DD296657B500E63FE5 /* Preview Assets.xcassets */,
			);
			path = "Preview Content";
			sourceTree = "<group>";
		};
		DAACE1E6296657B600E63FE5 /* LittleLemonTests */ = {
			isa = PBXGroup;
			children = (
				DAACE1E7296657B600E63FE5 /* LittleLemonTests.swift */,
			);
			path = LittleLemonTests;
			sourceTree = "<group>";
		};
		DAACE1F0296657B600E63FE5 /* LittleLemonUITests */ = {
			isa = PBXGroup;
			children = (
				DAACE1F1296657B600E63FE5 /* LittleLemonUITests.swift */,
				DAACE1F3296657B600E63FE5 /* LittleLemonUITestsLaunchTests.swift */,
			);
			path = LittleLemonUITests;
			sourceTree = "<group>";
		};
		DAACE200296659A600E63FE5 /* Packages */ = {
			isa = PBXGroup;
			children = (
				DAACE201296659A600E63FE5 /* CoreUI */,
			);
			name = Packages;
			sourceTree = "<group>";
		};
		DAACE202296659BA00E63FE5 /* Frameworks */ = {
			isa = PBXGroup;
			children = (
			);
			name = Frameworks;
			sourceTree = "<group>";
		};
/* End PBXGroup section */

/* Begin PBXNativeTarget section */
		DAACE1D2296657AF00E63FE5 /* LittleLemon */ = {
			isa = PBXNativeTarget;
			buildConfigurationList = DAACE1F7296657B600E63FE5 /* Build configuration list for PBXNativeTarget "LittleLemon" */;
			buildPhases = (
				DAACE1CF296657AF00E63FE5 /* Sources */,
				DAACE1D0296657AF00E63FE5 /* Frameworks */,
				DAACE1D1296657AF00E63FE5 /* Resources */,
			);
			buildRules = (
			);
			dependencies = (
			);
			name = LittleLemon;
			packageProductDependencies = (
			);
			productName = LittleLemon;
			productReference = DAACE1D3296657AF00E63FE5 /* LittleLemon.app */;
			productType = "com.apple.product-type.application";
		};
		DAACE1E2296657B600E63FE5 /* LittleLemonTests */ = {
			isa = PBXNativeTarget;
			buildConfigurationList = DAACE1FA296657B600E63FE5 /* Build configuration list for PBXNativeTarget "LittleLemonTests" */;
			buildPhases = (
				DAACE1DF296657B600E63FE5 /* Sources */,
				DAACE1E0296657B600E63FE5 /* Frameworks */,
				DAACE1E1296657B600E63FE5 /* Resources */,
			);
			buildRules = (
			);
			dependencies = (
				DAACE1E5296657B600E63FE5 /* PBXTargetDependency */,
			);
			name = LittleLemonTests;
			productName = LittleLemonTests;
			productReference = DAACE1E3296657B600E63FE5 /* LittleLemonTests.xctest */;
			productType = "com.apple.product-type.bundle.unit-test";
		};
		DAACE1EC296657B600E63FE5 /* LittleLemonUITests */ = {
			isa = PBXNativeTarget;
			buildConfigurationList = DAACE1FD296657B600E63FE5 /* Build configuration list for PBXNativeTarget "LittleLemonUITests" */;
			buildPhases = (
				DAACE1E9296657B600E63FE5 /* Sources */,
				DAACE1EA296657B600E63FE5 /* Frameworks */,
				DAACE1EB296657B600E63FE5 /* Resources */,
			);
			buildRules = (
			);
			dependencies = (
				DAACE1EF296657B600E63FE5 /* PBXTargetDependency */,
			);
			name = LittleLemonUITests;
			productName = LittleLemonUITests;
			productReference = DAACE1ED296657B600E63FE5 /* LittleLemonUITests.xctest */;
			productType = "com.apple.product-type.bundle.ui-testing";
		};
/* End PBXNativeTarget section */

/* Begin PBXProject section */
		DAACE1CB296657AF00E63FE5 /* Project object */ = {
			isa = PBXProject;
			attributes = {
				BuildIndependentTargetsInParallel = 1;
				LastSwiftUpdateCheck = 1410;
				LastUpgradeCheck = 1410;
				TargetAttributes = {
					DAACE1D2296657AF00E63FE5 = {
						CreatedOnToolsVersion = 14.1;
					};
					DAACE1E2296657B600E63FE5 = {
						CreatedOnToolsVersion = 14.1;
						TestTargetID = DAACE1D2296657AF00E63FE5;
					};
					DAACE1EC296657B600E63FE5 = {
						CreatedOnToolsVersion = 14.1;
						TestTargetID = DAACE1D2296657AF00E63FE5;
					};
				};
			};
			buildConfigurationList = DAACE1CE296657AF00E63FE5 /* Build configuration list for PBXProject "LittleLemon" */;
			compatibilityVersion = "Xcode 14.0";
			developmentRegion = en;
			hasScannedForEncodings = 0;
			knownRegions = (
				en,
				Base,
			);
			mainGroup = DAACE1CA296657AF00E63FE5;
			productRefGroup = DAACE1D4296657AF00E63FE5 /* Products */;
			projectDirPath = "";
			projectRoot = "";
			targets = (
				DAACE1D2296657AF00E63FE5 /* LittleLemon */,
				DAACE1E2296657B600E63FE5 /* LittleLemonTests */,
				DAACE1EC296657B600E63FE5 /* LittleLemonUITests */,
			);
		};
/* End PBXProject section */

/* Begin PBXResourcesBuildPhase section */
		DAACE1D1296657AF00E63FE5 /* Resources */ = {
			isa = PBXResourcesBuildPhase;
			buildActionMask = 2147483647;
			files = (
				DAACE1DE296657B500E63FE5 /* Preview Assets.xcassets in Resources */,
				DAACE1DB296657B500E63FE5 /* Assets.xcassets in Resources */,
			);
			runOnlyForDeploymentPostprocessing = 0;
		};
		DAACE1E1296657B600E63FE5 /* Resources */ = {
			isa = PBXResourcesBuildPhase;
			buildActionMask = 2147483647;
			files = (
			);
			runOnlyForDeploymentPostprocessing = 0;
		};
		DAACE1EB296657B600E63FE5 /* Resources */ = {
			isa = PBXResourcesBuildPhase;
			buildActionMask = 2147483647;
			files = (
			);
			runOnlyForDeploymentPostprocessing = 0;
		};
/* End PBXResourcesBuildPhase section */

/* Begin PBXSourcesBuildPhase section */
		DAACE1CF296657AF00E63FE5 /* Sources */ = {
			isa = PBXSourcesBuildPhase;
			buildActionMask = 2147483647;
			files = (
				DAACE1D9296657AF00E63FE5 /* ContentView.swift in Sources */,
				DAACE1D7296657AF00E63FE5 /* LittleLemonApp.swift in Sources */,
			);
			runOnlyForDeploymentPostprocessing = 0;
		};
		DAACE1DF296657B600E63FE5 /* Sources */ = {
			isa = PBXSourcesBuildPhase;
			buildActionMask = 2147483647;
			files = (
				DAACE1E8296657B600E63FE5 /* LittleLemonTests.swift in Sources */,
			);
			runOnlyForDeploymentPostprocessing = 0;
		};
		DAACE1E9296657B600E63FE5 /* Sources */ = {
			isa = PBXSourcesBuildPhase;
			buildActionMask = 2147483647;
			files = (
				DAACE1F4296657B600E63FE5 /* LittleLemonUITestsLaunchTests.swift in Sources */,
				DAACE1F2296657B600E63FE5 /* LittleLemonUITests.swift in Sources */,
			);
			runOnlyForDeploymentPostprocessing = 0;
		};
/* End PBXSourcesBuildPhase section */

/* Begin PBXTargetDependency section */
		DAACE1E5296657B600E63FE5 /* PBXTargetDependency */ = {
			isa = PBXTargetDependency;
			target = DAACE1D2296657AF00E63FE5 /* LittleLemon */;
			targetProxy = DAACE1E4296657B600E63FE5 /* PBXContainerItemProxy */;
		};
		DAACE1EF296657B600E63FE5 /* PBXTargetDependency */ = {
			isa = PBXTargetDependency;
			target = DAACE1D2296657AF00E63FE5 /* LittleLemon */;
			targetProxy = DAACE1EE296657B600E63FE5 /* PBXContainerItemProxy */;
		};
/* End PBXTargetDependency section */

/* Begin XCBuildConfiguration section */
		DAACE1F5296657B600E63FE5 /* Debug */ = {
			isa = XCBuildConfiguration;
			buildSettings = {
				ALWAYS_SEARCH_USER_PATHS = NO;
				CLANG_ANALYZER_NONNULL = YES;
				CLANG_ANALYZER_NUMBER_OBJECT_CONVERSION = YES_AGGRESSIVE;
				CLANG_CXX_LANGUAGE_STANDARD = "gnu++20";
				CLANG_ENABLE_MODULES = YES;
				CLANG_ENABLE_OBJC_ARC = YES;
				CLANG_ENABLE_OBJC_WEAK = YES;
				CLANG_WARN_BLOCK_CAPTURE_AUTORELEASING = YES;
				CLANG_WARN_BOOL_CONVERSION = YES;
				CLANG_WARN_COMMA = YES;
				CLANG_WARN_CONSTANT_CONVERSION = YES;
				CLANG_WARN_DEPRECATED_OBJC_IMPLEMENTATIONS = YES;
				CLANG_WARN_DIRECT_OBJC_ISA_USAGE = YES_ERROR;
				CLANG_WARN_DOCUMENTATION_COMMENTS = YES;
				CLANG_WARN_EMPTY_BODY = YES;
				CLANG_WARN_ENUM_CONVERSION = YES;
				CLANG_WARN_INFINITE_RECURSION = YES;
				CLANG_WARN_INT_CONVERSION = YES;
				CLANG_WARN_NON_LITERAL_NULL_CONVERSION = YES;
				CLANG_WARN_OBJC_IMPLICIT_RETAIN_SELF = YES;
				CLANG_WARN_OBJC_LITERAL_CONVERSION = YES;
				CLANG_WARN_OBJC_ROOT_CLASS = YES_ERROR;
				CLANG_WARN_QUOTED_INCLUDE_IN_FRAMEWORK_HEADER = YES;
				CLANG_WARN_RANGE_LOOP_ANALYSIS = YES;
				CLANG_WARN_STRICT_PROTOTYPES = YES;
				CLANG_WARN_SUSPICIOUS_MOVE = YES;
				CLANG_WARN_UNGUARDED_AVAILABILITY = YES_AGGRESSIVE;
				CLANG_WARN_UNREACHABLE_CODE = YES;
				CLANG_WARN__DUPLICATE_METHOD_MATCH = YES;
				COPY_PHASE_STRIP = NO;
				DEBUG_INFORMATION_FORMAT = dwarf;
				ENABLE_STRICT_OBJC_MSGSEND = YES;
				ENABLE_TESTABILITY = YES;
				GCC_C_LANGUAGE_STANDARD = gnu11;
				GCC_DYNAMIC_NO_PIC = NO;
				GCC_NO_COMMON_BLOCKS = YES;
				GCC_OPTIMIZATION_LEVEL = 0;
				GCC_PREPROCESSOR_DEFINITIONS = (
					"DEBUG=1",
					"$(inherited)",
				);
				GCC_WARN_64_TO_32_BIT_CONVERSION = YES;
				GCC_WARN_ABOUT_RETURN_TYPE = YES_ERROR;
				GCC_WARN_UNDECLARED_SELECTOR = YES;
				GCC_WARN_UNINITIALIZED_AUTOS = YES_AGGRESSIVE;
				GCC_WARN_UNUSED_FUNCTION = YES;
				GCC_WARN_UNUSED_VARIABLE = YES;
				IPHONEOS_DEPLOYMENT_TARGET = 16.1;
				MTL_ENABLE_DEBUG_INFO = INCLUDE_SOURCE;
				MTL_FAST_MATH = YES;
				ONLY_ACTIVE_ARCH = YES;
				SDKROOT = iphoneos;
				SWIFT_ACTIVE_COMPILATION_CONDITIONS = DEBUG;
				SWIFT_OPTIMIZATION_LEVEL = "-Onone";
			};
			name = Debug;
		};
		DAACE1F6296657B600E63FE5 /* Release */ = {
			isa = XCBuildConfiguration;
			buildSettings = {
				ALWAYS_SEARCH_USER_PATHS = NO;
				CLANG_ANALYZER_NONNULL = YES;
				CLANG_ANALYZER_NUMBER_OBJECT_CONVERSION = YES_AGGRESSIVE;
				CLANG_CXX_LANGUAGE_STANDARD = "gnu++20";
				CLANG_ENABLE_MODULES = YES;
				CLANG_ENABLE_OBJC_ARC = YES;
				CLANG_ENABLE_OBJC_WEAK = YES;
				CLANG_WARN_BLOCK_CAPTURE_AUTORELEASING = YES;
				CLANG_WARN_BOOL_CONVERSION = YES;
				CLANG_WARN_COMMA = YES;
				CLANG_WARN_CONSTANT_CONVERSION = YES;
				CLANG_WARN_DEPRECATED_OBJC_IMPLEMENTATIONS = YES;
				CLANG_WARN_DIRECT_OBJC_ISA_USAGE = YES_ERROR;
				CLANG_WARN_DOCUMENTATION_COMMENTS = YES;
				CLANG_WARN_EMPTY_BODY = YES;
				CLANG_WARN_ENUM_CONVERSION = YES;
				CLANG_WARN_INFINITE_RECURSION = YES;
				CLANG_WARN_INT_CONVERSION = YES;
				CLANG_WARN_NON_LITERAL_NULL_CONVERSION = YES;
				CLANG_WARN_OBJC_IMPLICIT_RETAIN_SELF = YES;
				CLANG_WARN_OBJC_LITERAL_CONVERSION = YES;
				CLANG_WARN_OBJC_ROOT_CLASS = YES_ERROR;
				CLANG_WARN_QUOTED_INCLUDE_IN_FRAMEWORK_HEADER = YES;
				CLANG_WARN_RANGE_LOOP_ANALYSIS = YES;
				CLANG_WARN_STRICT_PROTOTYPES = YES;
				CLANG_WARN_SUSPICIOUS_MOVE = YES;
				CLANG_WARN_UNGUARDED_AVAILABILITY = YES_AGGRESSIVE;
				CLANG_WARN_UNREACHABLE_CODE = YES;
				CLANG_WARN__DUPLICATE_METHOD_MATCH = YES;
				COPY_PHASE_STRIP = NO;
				DEBUG_INFORMATION_FORMAT = "dwarf-with-dsym";
				ENABLE_NS_ASSERTIONS = NO;
				ENABLE_STRICT_OBJC_MSGSEND = YES;
				GCC_C_LANGUAGE_STANDARD = gnu11;
				GCC_NO_COMMON_BLOCKS = YES;
				GCC_WARN_64_TO_32_BIT_CONVERSION = YES;
				GCC_WARN_ABOUT_RETURN_TYPE = YES_ERROR;
				GCC_WARN_UNDECLARED_SELECTOR = YES;
				GCC_WARN_UNINITIALIZED_AUTOS = YES_AGGRESSIVE;
				GCC_WARN_UNUSED_FUNCTION = YES;
				GCC_WARN_UNUSED_VARIABLE = YES;
				IPHONEOS_DEPLOYMENT_TARGET = 16.1;
				MTL_ENABLE_DEBUG_INFO = NO;
				MTL_FAST_MATH = YES;
				SDKROOT = iphoneos;
				SWIFT_COMPILATION_MODE = wholemodule;
				SWIFT_OPTIMIZATION_LEVEL = "-O";
				VALIDATE_PRODUCT = YES;
			};
			name = Release;
		};
		DAACE1F8296657B600E63FE5 /* Debug */ = {
			isa = XCBuildConfiguration;
			buildSettings = {
				ASSETCATALOG_COMPILER_APPICON_NAME = AppIcon;
				ASSETCATALOG_COMPILER_GLOBAL_ACCENT_COLOR_NAME = AccentColor;
				CODE_SIGN_STYLE = Automatic;
				CURRENT_PROJECT_VERSION = 1;
				DEVELOPMENT_ASSET_PATHS = "\"LittleLemon/Preview Content\"";
				DEVELOPMENT_TEAM = GVZVUY66BX;
				ENABLE_PREVIEWS = YES;
				GENERATE_INFOPLIST_FILE = YES;
				INFOPLIST_KEY_UIApplicationSceneManifest_Generation = YES;
				INFOPLIST_KEY_UIApplicationSupportsIndirectInputEvents = YES;
				INFOPLIST_KEY_UILaunchScreen_Generation = YES;
				INFOPLIST_KEY_UISupportedInterfaceOrientations_iPad = "UIInterfaceOrientationPortrait UIInterfaceOrientationPortraitUpsideDown UIInterfaceOrientationLandscapeLeft UIInterfaceOrientationLandscapeRight";
				INFOPLIST_KEY_UISupportedInterfaceOrientations_iPhone = "UIInterfaceOrientationPortrait UIInterfaceOrientationLandscapeLeft UIInterfaceOrientationLandscapeRight";
				LD_RUNPATH_SEARCH_PATHS = (
					"$(inherited)",
					"@executable_path/Frameworks",
				);
				MARKETING_VERSION = 1.0;
				PRODUCT_BUNDLE_IDENTIFIER = akirah.lab.LittleLemon;
				PRODUCT_NAME = "$(TARGET_NAME)";
				SWIFT_EMIT_LOC_STRINGS = YES;
				SWIFT_VERSION = 5.0;
				TARGETED_DEVICE_FAMILY = "1,2";
			};
			name = Debug;
		};
		DAACE1F9296657B600E63FE5 /* Release */ = {
			isa = XCBuildConfiguration;
			buildSettings = {
				ASSETCATALOG_COMPILER_APPICON_NAME = AppIcon;
				ASSETCATALOG_COMPILER_GLOBAL_ACCENT_COLOR_NAME = AccentColor;
				CODE_SIGN_STYLE = Automatic;
				CURRENT_PROJECT_VERSION = 1;
				DEVELOPMENT_ASSET_PATHS = "\"LittleLemon/Preview Content\"";
				DEVELOPMENT_TEAM = GVZVUY66BX;
				ENABLE_PREVIEWS = YES;
				GENERATE_INFOPLIST_FILE = YES;
				INFOPLIST_KEY_UIApplicationSceneManifest_Generation = YES;
				INFOPLIST_KEY_UIApplicationSupportsIndirectInputEvents = YES;
				INFOPLIST_KEY_UILaunchScreen_Generation = YES;
				INFOPLIST_KEY_UISupportedInterfaceOrientations_iPad = "UIInterfaceOrientationPortrait UIInterfaceOrientationPortraitUpsideDown UIInterfaceOrientationLandscapeLeft UIInterfaceOrientationLandscapeRight";
				INFOPLIST_KEY_UISupportedInterfaceOrientations_iPhone = "UIInterfaceOrientationPortrait UIInterfaceOrientationLandscapeLeft UIInterfaceOrientationLandscapeRight";
				LD_RUNPATH_SEARCH_PATHS = (
					"$(inherited)",
					"@executable_path/Frameworks",
				);
				MARKETING_VERSION = 1.0;
				PRODUCT_BUNDLE_IDENTIFIER = akirah.lab.LittleLemon;
				PRODUCT_NAME = "$(TARGET_NAME)";
				SWIFT_EMIT_LOC_STRINGS = YES;
				SWIFT_VERSION = 5.0;
				TARGETED_DEVICE_FAMILY = "1,2";
			};
			name = Release;
		};
		DAACE1FB296657B600E63FE5 /* Debug */ = {
			isa = XCBuildConfiguration;
			buildSettings = {
				ALWAYS_EMBED_SWIFT_STANDARD_LIBRARIES = YES;
				BUNDLE_LOADER = "$(TEST_HOST)";
				CODE_SIGN_STYLE = Automatic;
				CURRENT_PROJECT_VERSION = 1;
				DEVELOPMENT_TEAM = GVZVUY66BX;
				GENERATE_INFOPLIST_FILE = YES;
				IPHONEOS_DEPLOYMENT_TARGET = 16.1;
				MARKETING_VERSION = 1.0;
				PRODUCT_BUNDLE_IDENTIFIER = akirah.lab.LittleLemonTests;
				PRODUCT_NAME = "$(TARGET_NAME)";
				SWIFT_EMIT_LOC_STRINGS = NO;
				SWIFT_VERSION = 5.0;
				TARGETED_DEVICE_FAMILY = "1,2";
				TEST_HOST = "$(BUILT_PRODUCTS_DIR)/LittleLemon.app/$(BUNDLE_EXECUTABLE_FOLDER_PATH)/LittleLemon";
			};
			name = Debug;
		};
		DAACE1FC296657B600E63FE5 /* Release */ = {
			isa = XCBuildConfiguration;
			buildSettings = {
				ALWAYS_EMBED_SWIFT_STANDARD_LIBRARIES = YES;
				BUNDLE_LOADER = "$(TEST_HOST)";
				CODE_SIGN_STYLE = Automatic;
				CURRENT_PROJECT_VERSION = 1;
				DEVELOPMENT_TEAM = GVZVUY66BX;
				GENERATE_INFOPLIST_FILE = YES;
				IPHONEOS_DEPLOYMENT_TARGET = 16.1;
				MARKETING_VERSION = 1.0;
				PRODUCT_BUNDLE_IDENTIFIER = akirah.lab.LittleLemonTests;
				PRODUCT_NAME = "$(TARGET_NAME)";
				SWIFT_EMIT_LOC_STRINGS = NO;
				SWIFT_VERSION = 5.0;
				TARGETED_DEVICE_FAMILY = "1,2";
				TEST_HOST = "$(BUILT_PRODUCTS_DIR)/LittleLemon.app/$(BUNDLE_EXECUTABLE_FOLDER_PATH)/LittleLemon";
			};
			name = Release;
		};
		DAACE1FE296657B600E63FE5 /* Debug */ = {
			isa = XCBuildConfiguration;
			buildSettings = {
				ALWAYS_EMBED_SWIFT_STANDARD_LIBRARIES = YES;
				CODE_SIGN_STYLE = Automatic;
				CURRENT_PROJECT_VERSION = 1;
				DEVELOPMENT_TEAM = GVZVUY66BX;
				GENERATE_INFOPLIST_FILE = YES;
				MARKETING_VERSION = 1.0;
				PRODUCT_BUNDLE_IDENTIFIER = akirah.lab.LittleLemonUITests;
				PRODUCT_NAME = "$(TARGET_NAME)";
				SWIFT_EMIT_LOC_STRINGS = NO;
				SWIFT_VERSION = 5.0;
				TARGETED_DEVICE_FAMILY = "1,2";
				TEST_TARGET_NAME = LittleLemon;
			};
			name = Debug;
		};
		DAACE1FF296657B600E63FE5 /* Release */ = {
			isa = XCBuildConfiguration;
			buildSettings = {
				ALWAYS_EMBED_SWIFT_STANDARD_LIBRARIES = YES;
				CODE_SIGN_STYLE = Automatic;
				CURRENT_PROJECT_VERSION = 1;
				DEVELOPMENT_TEAM = GVZVUY66BX;
				GENERATE_INFOPLIST_FILE = YES;
				MARKETING_VERSION = 1.0;
				PRODUCT_BUNDLE_IDENTIFIER = akirah.lab.LittleLemonUITests;
				PRODUCT_NAME = "$(TARGET_NAME)";
				SWIFT_EMIT_LOC_STRINGS = NO;
				SWIFT_VERSION = 5.0;
				TARGETED_DEVICE_FAMILY = "1,2";
				TEST_TARGET_NAME = LittleLemon;
			};
			name = Release;
		};
/* End XCBuildConfiguration section */

/* Begin XCConfigurationList section */
		DAACE1CE296657AF00E63FE5 /* Build configuration list for PBXProject "LittleLemon" */ = {
			isa = XCConfigurationList;
			buildConfigurations = (
				DAACE1F5296657B600E63FE5 /* Debug */,
				DAACE1F6296657B600E63FE5 /* Release */,
			);
			defaultConfigurationIsVisible = 0;
			defaultConfigurationName = Release;
		};
		DAACE1F7296657B600E63FE5 /* Build configuration list for PBXNativeTarget "LittleLemon" */ = {
			isa = XCConfigurationList;
			buildConfigurations = (
				DAACE1F8296657B600E63FE5 /* Debug */,
				DAACE1F9296657B600E63FE5 /* Release */,
			);
			defaultConfigurationIsVisible = 0;
			defaultConfigurationName = Release;
		};
		DAACE1FA296657B600E63FE5 /* Build configuration list for PBXNativeTarget "LittleLemonTests" */ = {
			isa = XCConfigurationList;
			buildConfigurations = (
				DAACE1FB296657B600E63FE5 /* Debug */,
				DAACE1FC296657B600E63FE5 /* Release */,
			);
			defaultConfigurationIsVisible = 0;
			defaultConfigurationName = Release;
		};
		DAACE1FD296657B600E63FE5 /* Build configuration list for PBXNativeTarget "LittleLemonUITests" */ = {
			isa = XCConfigurationList;
			buildConfigurations = (
				DAACE1FE296657B600E63FE5 /* Debug */,
				DAACE1FF296657B600E63FE5 /* Release */,
			);
			defaultConfigurationIsVisible = 0;
			defaultConfigurationName = Release;
		};
/* End XCConfigurationList section */
	};
	rootObject = DAACE1CB296657AF00E63FE5 /* Project object */;
}
